{
  "requires": true,
  "lockfileVersion": 1,
  "dependencies": {
    "gijgo": {
      "version": "1.9.13",
      "resolved": "https://registry.npmjs.org/gijgo/-/gijgo-1.9.13.tgz",
      "integrity": "sha512-VxUzueysKaSRpjNM6jiMdoTJuUEWiPJNir5PCVKat6uA1R6vH7crKyFnR/Ey1k2r0i1yvYeJ3QKsPFkTB7aZxg==",
      "requires": {
        "jquery": "^3.2.1"
      }
    },
    "jquery": {
      "version": "3.5.1",
      "resolved": "https://registry.npmjs.org/jquery/-/jquery-3.5.1.tgz",
      "integrity": "sha512-XwIBPqcMn57FxfT+Go5pzySnm4KWkT1Tv7gjrpT1srtf8Weynl6R273VJ5GjkRb51IzMp5nbaPjJXMWeju2MKg=="
    }
  }
}
